<?xml version="1.0" encoding="utf-8"?>
<Project ToolsVersion="4.0" xmlns="http://schemas.microsoft.com/developer/msbuild/2003">
  <ItemGroup>
    <Filter Include="ソース ファイル">
      <UniqueIdentifier>{4FC737F1-C7A5-4376-A066-2A32D752A2FF}</UniqueIdentifier>
      <Extensions>cpp;c;cc;cxx;c++;cppm;ixx;def;odl;idl;hpj;bat;asm;asmx</Extensions>
    </Filter>
    <Filter Include="シェーダー ファイル">
      <UniqueIdentifier>{67DA6AB6-F800-4c08-8B7A-83BB121AAD01}</UniqueIdentifier>
      <Extensions>rc;ico;cur;bmp;dlg;rc2;rct;bin;rgs;gif;jpg;jpeg;jpe;resx;tiff;tif;png;wav;mfcribbon-ms</Extensions>
    </Filter>
    <Filter Include="ステージ ファイル">
      <UniqueIdentifier>{eb82feeb-a850-4a60-bdf3-32372e396efc}</UniqueIdentifier>
    </Filter>
    <Filter Include="ソース ファイル\Application">
      <UniqueIdentifier>{23ab58e6-780b-45b2-a21e-12f55a8fb68f}</UniqueIdentifier>
    </Filter>
    <Filter Include="ソース ファイル\Engine">
      <UniqueIdentifier>{8255d305-4f8b-42e1-b966-b6ac1b10149e}</UniqueIdentifier>
    </Filter>
    <Filter Include="ソース ファイル\Engine\2d">
      <UniqueIdentifier>{408bae9d-c56d-4842-9e14-613b9a653ee2}</UniqueIdentifier>
    </Filter>
    <Filter Include="ソース ファイル\Engine\3d">
      <UniqueIdentifier>{85553e27-2124-4c55-a457-e77338f24bda}</UniqueIdentifier>
    </Filter>
    <Filter Include="ソース ファイル\Engine\DirectX">
      <UniqueIdentifier>{e0191eb6-16e0-48b4-afd9-1a935f806758}</UniqueIdentifier>
    </Filter>
    <Filter Include="ソース ファイル\Engine\Input">
      <UniqueIdentifier>{fa885c07-fe8d-4879-a7a7-e2bbf42afdc2}</UniqueIdentifier>
    </Filter>
    <Filter Include="ソース ファイル\Application\MyGame">
      <UniqueIdentifier>{98ce0a2f-70db-43b7-b34f-cc57ff3b5505}</UniqueIdentifier>
    </Filter>
    <Filter Include="ソース ファイル\Engine\3d\Camera">
      <UniqueIdentifier>{53dc29c8-ede2-4c61-8e65-628d2d6031e8}</UniqueIdentifier>
    </Filter>
    <Filter Include="ソース ファイル\Engine\3d\Object">
      <UniqueIdentifier>{c425de59-8479-456f-9548-a18c39f17171}</UniqueIdentifier>
    </Filter>
    <Filter Include="ソース ファイル\Engine\Audio">
      <UniqueIdentifier>{1a47c7de-a104-490c-a030-9fc0100adf4f}</UniqueIdentifier>
    </Filter>
    <Filter Include="ソース ファイル\Engine\Collider">
      <UniqueIdentifier>{805bdbf2-d804-43b6-b7e8-fe0bd2617915}</UniqueIdentifier>
    </Filter>
    <Filter Include="ソース ファイル\Engine\Light">
      <UniqueIdentifier>{769be226-a120-4709-9112-6eee57a00d43}</UniqueIdentifier>
    </Filter>
    <Filter Include="ソース ファイル\Engine\Math">
      <UniqueIdentifier>{308435b1-b381-4cc6-bb48-3cdd1b1909cb}</UniqueIdentifier>
    </Filter>
    <Filter Include="ソース ファイル\Engine\Particle">
      <UniqueIdentifier>{2f4fff32-274e-47b2-9ede-d53ba3cb8715}</UniqueIdentifier>
    </Filter>
    <Filter Include="ソース ファイル\Engine\Physics">
      <UniqueIdentifier>{d215647e-0978-48e7-bad7-807fde5d4b91}</UniqueIdentifier>
    </Filter>
    <Filter Include="ソース ファイル\Engine\Framework">
      <UniqueIdentifier>{3d61d26d-92aa-45e4-bfec-a6f674e096bb}</UniqueIdentifier>
    </Filter>
    <Filter Include="ソース ファイル\Engine\WinApp">
      <UniqueIdentifier>{9e400e09-72f2-44ba-81e3-bb33d4749aee}</UniqueIdentifier>
    </Filter>
    <Filter Include="ソース ファイル\Engine\Functions">
      <UniqueIdentifier>{823e7a3e-f66c-4d55-a1f7-a5ed16915fdf}</UniqueIdentifier>
    </Filter>
    <Filter Include="シェーダー ファイル\Object">
      <UniqueIdentifier>{d2d4ee60-179d-48b7-a930-83415ab52e69}</UniqueIdentifier>
    </Filter>
    <Filter Include="シェーダー ファイル\Particle">
      <UniqueIdentifier>{d357c7e1-51a3-4a2b-8e5b-79a4065fedc3}</UniqueIdentifier>
    </Filter>
    <Filter Include="シェーダー ファイル\Sprite">
      <UniqueIdentifier>{334c1d61-d821-4703-b572-92fc31f59c7f}</UniqueIdentifier>
    </Filter>
    <Filter Include="ソース ファイル\Application\Stage">
      <UniqueIdentifier>{add36e36-d459-432f-a0ce-f0579e636034}</UniqueIdentifier>
    </Filter>
    <Filter Include="ソース ファイル\Application\Scene">
      <UniqueIdentifier>{bd82bd81-9ebc-4658-9593-72ad30f61482}</UniqueIdentifier>
    </Filter>
    <Filter Include="ソース ファイル\Application\Motion">
      <UniqueIdentifier>{d329f3f6-35b2-4b98-86a0-033f5ae03b63}</UniqueIdentifier>
    </Filter>
    <Filter Include="ソース ファイル\Engine\Scene">
      <UniqueIdentifier>{2789be35-7450-4a6d-9b8f-7276c9fba230}</UniqueIdentifier>
    </Filter>
    <Filter Include="ソース ファイル\Application\Scene\GameScenes">
      <UniqueIdentifier>{4457f309-a144-4242-a6fc-6d7400a73bb8}</UniqueIdentifier>
    </Filter>
    <Filter Include="ソース ファイル\Application\Scene\SceneFactory">
      <UniqueIdentifier>{3ce92279-12d3-4250-aed4-6104fc68d03a}</UniqueIdentifier>
    </Filter>
  </ItemGroup>
  <ItemGroup>
    <None Include="Resources\shaders\Sprite.hlsli">
      <Filter>シェーダー ファイル\Sprite</Filter>
    </None>
    <None Include="Resources\shaders\OBJShaderHeader.hlsli">
      <Filter>シェーダー ファイル\Object</Filter>
    </None>
    <None Include="Resources\shaders\Particle.hlsli">
      <Filter>シェーダー ファイル\Particle</Filter>
    </None>
  </ItemGroup>
  <ItemGroup>
    <FxCompile Include="Resources\shaders\SpritePS.hlsl">
      <Filter>シェーダー ファイル\Sprite</Filter>
    </FxCompile>
    <FxCompile Include="Resources\shaders\SpriteVS.hlsl">
      <Filter>シェーダー ファイル\Sprite</Filter>
    </FxCompile>
    <FxCompile Include="Resources\shaders\OBJPixelShader.hlsl">
      <Filter>シェーダー ファイル\Object</Filter>
    </FxCompile>
    <FxCompile Include="Resources\shaders\OBJVertexShader.hlsl">
      <Filter>シェーダー ファイル\Object</Filter>
    </FxCompile>
    <FxCompile Include="Resources\shaders\ParticleGS.hlsl">
      <Filter>シェーダー ファイル\Particle</Filter>
    </FxCompile>
    <FxCompile Include="Resources\shaders\ParticlePS.hlsl">
      <Filter>シェーダー ファイル\Particle</Filter>
    </FxCompile>
    <FxCompile Include="Resources\shaders\ParticleVS.hlsl">
      <Filter>シェーダー ファイル\Particle</Filter>
    </FxCompile>
  </ItemGroup>
  <ItemGroup>
    <ClCompile Include="SourceFiles\Engine\Math\Matrix4.cpp">
      <Filter>ソース ファイル\Engine\Math</Filter>
    </ClCompile>
    <ClCompile Include="SourceFiles\Engine\Math\Vector.cpp">
      <Filter>ソース ファイル\Engine\Math</Filter>
    </ClCompile>
    <ClCompile Include="SourceFiles\Engine\Functions\Timer.cpp">
      <Filter>ソース ファイル\Engine\Functions</Filter>
    </ClCompile>
    <ClCompile Include="SourceFiles\Engine\Input\Input.cpp">
      <Filter>ソース ファイル\Engine\Input</Filter>
    </ClCompile>
    <ClCompile Include="SourceFiles\Engine\Light\LightGroup.cpp">
      <Filter>ソース ファイル\Engine\Light</Filter>
    </ClCompile>
    <ClCompile Include="SourceFiles\Engine\Functions\Color.cpp">
      <Filter>ソース ファイル\Engine\Functions</Filter>
    </ClCompile>
    <ClCompile Include="SourceFiles\Engine\Audio\Audio.cpp">
      <Filter>ソース ファイル\Engine\Audio</Filter>
    </ClCompile>
    <ClCompile Include="SourceFiles\Engine\Collider\Collider.cpp">
      <Filter>ソース ファイル\Engine\Collider</Filter>
    </ClCompile>
    <ClCompile Include="SourceFiles\Engine\Collider\CollisionManager.cpp">
      <Filter>ソース ファイル\Engine\Collider</Filter>
    </ClCompile>
    <ClCompile Include="SourceFiles\Engine\3d\Object\Mesh.cpp">
      <Filter>ソース ファイル\Engine\3d\Object</Filter>
    </ClCompile>
    <ClCompile Include="SourceFiles\Engine\3d\Object\Model.cpp">
      <Filter>ソース ファイル\Engine\3d\Object</Filter>
    </ClCompile>
    <ClCompile Include="SourceFiles\Engine\3d\Object\WorldTransform.cpp">
      <Filter>ソース ファイル\Engine\3d\Object</Filter>
    </ClCompile>
    <ClCompile Include="SourceFiles\Engine\3d\Camera\ViewProjection.cpp">
      <Filter>ソース ファイル\Engine\3d\Camera</Filter>
    </ClCompile>
    <ClCompile Include="SourceFiles\Engine\2d\UIDrawer.cpp">
      <Filter>ソース ファイル\Engine\2d</Filter>
    </ClCompile>
    <ClCompile Include="SourceFiles\Engine\main.cpp">
      <Filter>ソース ファイル\Engine</Filter>
    </ClCompile>
    <ClCompile Include="SourceFiles\Application\Stage\Stage.cpp">
      <Filter>ソース ファイル\Application\Stage</Filter>
    </ClCompile>
    <ClCompile Include="SourceFiles\Application\Stage\Gimmick.cpp">
      <Filter>ソース ファイル\Application\Stage</Filter>
    </ClCompile>
    <ClCompile Include="SourceFiles\Application\Stage\Player.cpp">
      <Filter>ソース ファイル\Application\Stage</Filter>
    </ClCompile>
    <ClCompile Include="SourceFiles\Engine\Audio\PointAudio.cpp">
      <Filter>ソース ファイル\Engine\Audio</Filter>
    </ClCompile>
    <ClCompile Include="SourceFiles\Engine\3d\Camera\Camera.cpp">
      <Filter>ソース ファイル\Engine\3d\Camera</Filter>
    </ClCompile>
    <ClCompile Include="SourceFiles\Engine\Particle\DiffuseParticle.cpp">
      <Filter>ソース ファイル\Engine\Particle</Filter>
    </ClCompile>
    <ClCompile Include="SourceFiles\Engine\Particle\DirectionalParticle.cpp">
      <Filter>ソース ファイル\Engine\Particle</Filter>
    </ClCompile>
    <ClCompile Include="SourceFiles\Engine\Particle\ParticleManager.cpp">
      <Filter>ソース ファイル\Engine\Particle</Filter>
    </ClCompile>
    <ClCompile Include="SourceFiles\Engine\Math\MathUtility.cpp">
      <Filter>ソース ファイル\Engine\Math</Filter>
    </ClCompile>
    <ClCompile Include="SourceFiles\Application\Stage\PlayerHealZone.cpp">
      <Filter>ソース ファイル\Application\Stage</Filter>
    </ClCompile>
    <ClCompile Include="SourceFiles\Engine\Physics\Jump.cpp">
      <Filter>ソース ファイル\Engine\Physics</Filter>
    </ClCompile>
    <ClCompile Include="SourceFiles\Engine\3d\Object\Material.cpp">
      <Filter>ソース ファイル\Engine\3d\Object</Filter>
    </ClCompile>
    <ClCompile Include="SourceFiles\Engine\Functions\Random.cpp">
      <Filter>ソース ファイル\Engine\Functions</Filter>
    </ClCompile>
    <ClCompile Include="SourceFiles\Engine\Particle\ParticleGroup.cpp">
      <Filter>ソース ファイル\Engine\Particle</Filter>
    </ClCompile>
    <ClCompile Include="SourceFiles\Engine\Particle\TrackParticle.cpp">
      <Filter>ソース ファイル\Engine\Particle</Filter>
    </ClCompile>
    <ClCompile Include="SourceFiles\Application\GameScenes\GamePlayScene.cpp">
      <Filter>ソース ファイル\Application\Scene\GameScenes</Filter>
    </ClCompile>
    <ClCompile Include="SourceFiles\Application\GameScenes\TitleScene.cpp">
      <Filter>ソース ファイル\Application\Scene\GameScenes</Filter>
    </ClCompile>
    <ClCompile Include="SourceFiles\Application\GameScenes\TutorialScene.cpp">
      <Filter>ソース ファイル\Application\Scene\GameScenes</Filter>
    </ClCompile>
    <ClCompile Include="SourceFiles\Application\GameScenes\SelectScene.cpp">
      <Filter>ソース ファイル\Application\Scene\GameScenes</Filter>
    </ClCompile>
    <ClCompile Include="SourceFiles\Application\GameScenes\SceneFactory.cpp">
      <Filter>ソース ファイル\Application\Scene\SceneFactory</Filter>
    </ClCompile>
    <ClCompile Include="SourceFiles\Engine\Math\Quaternion.cpp">
      <Filter>ソース ファイル\Engine\Math</Filter>
    </ClCompile>
    <ClCompile Include="SourceFiles\Application\GameScenes\ClearScene.cpp">
      <Filter>ソース ファイル\Application\Scene\GameScenes</Filter>
    </ClCompile>
    <ClCompile Include="SourceFiles\Engine\Audio\AudioManager.cpp">
      <Filter>ソース ファイル\Engine\Audio</Filter>
    </ClCompile>
    <ClCompile Include="SourceFiles\Engine\2d\Sprite.cpp">
      <Filter>ソース ファイル\Engine\2d</Filter>
    </ClCompile>
    <ClCompile Include="SourceFiles\Engine\2d\SpriteCommon.cpp">
      <Filter>ソース ファイル\Engine\2d</Filter>
    </ClCompile>
    <ClCompile Include="SourceFiles\Engine\DirectX\DirectXCommon.cpp">
      <Filter>ソース ファイル\Engine\DirectX</Filter>
    </ClCompile>
    <ClCompile Include="SourceFiles\Engine\DirectX\D3D12Common.cpp">
      <Filter>ソース ファイル\Engine\DirectX</Filter>
    </ClCompile>
    <ClCompile Include="SourceFiles\Application\MyGame\MyGame.cpp">
      <Filter>ソース ファイル\Application\MyGame</Filter>
    </ClCompile>
    <ClCompile Include="SourceFiles\Engine\Framework\Framework.cpp">
      <Filter>ソース ファイル\Engine\Framework</Filter>
    </ClCompile>
    <ClCompile Include="SourceFiles\Engine\WinApp\WindowsAPI.cpp">
      <Filter>ソース ファイル\Engine\WinApp</Filter>
    </ClCompile>
    <ClCompile Include="SourceFiles\Application\Motion\Motion.cpp">
      <Filter>ソース ファイル\Application\Motion</Filter>
    </ClCompile>
    <ClCompile Include="SourceFiles\Engine\Scene\BaseScene.cpp">
      <Filter>ソース ファイル\Engine\Scene</Filter>
    </ClCompile>
    <ClCompile Include="SourceFiles\Engine\Scene\SceneManager.cpp">
      <Filter>ソース ファイル\Engine\Scene</Filter>
    </ClCompile>
    <ClCompile Include="SourceFiles\Engine\Scene\FadeManager.cpp">
      <Filter>ソース ファイル\Engine\Scene</Filter>
    </ClCompile>
  </ItemGroup>
  <ItemGroup>
    <ClInclude Include="SourceFiles\Engine\Math\Matrix4.h">
      <Filter>ソース ファイル\Engine\Math</Filter>
    </ClInclude>
    <ClInclude Include="SourceFiles\Engine\Math\Vector.h">
      <Filter>ソース ファイル\Engine\Math</Filter>
    </ClInclude>
    <ClInclude Include="SourceFiles\Engine\Functions\Timer.h">
      <Filter>ソース ファイル\Engine\Functions</Filter>
    </ClInclude>
    <ClInclude Include="SourceFiles\Engine\Input\Input.h">
      <Filter>ソース ファイル\Engine\Input</Filter>
    </ClInclude>
    <ClInclude Include="SourceFiles\Engine\Light\DirectionalLight.h">
      <Filter>ソース ファイル\Engine\Light</Filter>
    </ClInclude>
    <ClInclude Include="SourceFiles\Engine\Light\LightGroup.h">
      <Filter>ソース ファイル\Engine\Light</Filter>
    </ClInclude>
    <ClInclude Include="SourceFiles\Engine\Functions\Color.h">
      <Filter>ソース ファイル\Engine\Functions</Filter>
    </ClInclude>
    <ClInclude Include="SourceFiles\Engine\Light\PointLight.h">
      <Filter>ソース ファイル\Engine\Light</Filter>
    </ClInclude>
    <ClInclude Include="SourceFiles\Engine\Audio\Audio.h">
      <Filter>ソース ファイル\Engine\Audio</Filter>
    </ClInclude>
    <ClInclude Include="SourceFiles\Engine\Collider\Collider.h">
      <Filter>ソース ファイル\Engine\Collider</Filter>
    </ClInclude>
    <ClInclude Include="SourceFiles\Engine\Collider\CollisionManager.h">
      <Filter>ソース ファイル\Engine\Collider</Filter>
    </ClInclude>
    <ClInclude Include="SourceFiles\Engine\3d\Object\Mesh.h">
      <Filter>ソース ファイル\Engine\3d\Object</Filter>
    </ClInclude>
    <ClInclude Include="SourceFiles\Engine\3d\Object\Model.h">
      <Filter>ソース ファイル\Engine\3d\Object</Filter>
    </ClInclude>
    <ClInclude Include="SourceFiles\Engine\3d\Object\WorldTransform.h">
      <Filter>ソース ファイル\Engine\3d\Object</Filter>
    </ClInclude>
    <ClInclude Include="SourceFiles\Engine\3d\Camera\ViewProjection.h">
      <Filter>ソース ファイル\Engine\3d\Camera</Filter>
    </ClInclude>
    <ClInclude Include="SourceFiles\Engine\2d\UIDrawer.h">
      <Filter>ソース ファイル\Engine\2d</Filter>
    </ClInclude>
    <ClInclude Include="SourceFiles\Application\Stage\Stage.h">
      <Filter>ソース ファイル\Application\Stage</Filter>
    </ClInclude>
    <ClInclude Include="SourceFiles\Application\Stage\Gimmick.h">
      <Filter>ソース ファイル\Application\Stage</Filter>
    </ClInclude>
    <ClInclude Include="SourceFiles\Application\Stage\Player.h">
      <Filter>ソース ファイル\Application\Stage</Filter>
    </ClInclude>
    <ClInclude Include="SourceFiles\Engine\Audio\PointAudio.h">
      <Filter>ソース ファイル\Engine\Audio</Filter>
    </ClInclude>
    <ClInclude Include="SourceFiles\Engine\3d\Camera\Camera.h">
      <Filter>ソース ファイル\Engine\3d\Camera</Filter>
    </ClInclude>
    <ClInclude Include="SourceFiles\Engine\Particle\DiffuseParticle.h">
      <Filter>ソース ファイル\Engine\Particle</Filter>
    </ClInclude>
    <ClInclude Include="SourceFiles\Engine\Particle\DirectionalParticle.h">
      <Filter>ソース ファイル\Engine\Particle</Filter>
    </ClInclude>
    <ClInclude Include="SourceFiles\Engine\Particle\ParticleManager.h">
      <Filter>ソース ファイル\Engine\Particle</Filter>
    </ClInclude>
    <ClInclude Include="SourceFiles\Engine\Math\MathUtility.h">
      <Filter>ソース ファイル\Engine\Math</Filter>
    </ClInclude>
    <ClInclude Include="SourceFiles\Application\Stage\PlayerHealZone.h">
      <Filter>ソース ファイル\Application\Stage</Filter>
    </ClInclude>
    <ClInclude Include="SourceFiles\Engine\Physics\Jump.h">
      <Filter>ソース ファイル\Engine\Physics</Filter>
    </ClInclude>
    <ClInclude Include="SourceFiles\Engine\3d\Object\Material.h">
      <Filter>ソース ファイル\Engine\3d\Object</Filter>
    </ClInclude>
    <ClInclude Include="SourceFiles\Engine\Functions\Random.h">
      <Filter>ソース ファイル\Engine\Functions</Filter>
    </ClInclude>
    <ClInclude Include="SourceFiles\Engine\Particle\ParticleGroup.h">
      <Filter>ソース ファイル\Engine\Particle</Filter>
    </ClInclude>
    <ClInclude Include="SourceFiles\Engine\Particle\TrackParticle.h">
      <Filter>ソース ファイル\Engine\Particle</Filter>
    </ClInclude>
    <ClInclude Include="SourceFiles\Application\GameScenes\GamePlayScene.h">
      <Filter>ソース ファイル\Application\Scene\GameScenes</Filter>
    </ClInclude>
    <ClInclude Include="SourceFiles\Application\GameScenes\TitleScene.h">
      <Filter>ソース ファイル\Application\Scene\GameScenes</Filter>
    </ClInclude>
    <ClInclude Include="SourceFiles\Application\GameScenes\TutorialScene.h">
      <Filter>ソース ファイル\Application\Scene\GameScenes</Filter>
    </ClInclude>
    <ClInclude Include="SourceFiles\Application\GameScenes\SelectScene.h">
      <Filter>ソース ファイル\Application\Scene\GameScenes</Filter>
    </ClInclude>
    <ClInclude Include="SourceFiles\Application\GameScenes\SceneFactory.h">
      <Filter>ソース ファイル\Application\Scene\SceneFactory</Filter>
    </ClInclude>
    <ClInclude Include="SourceFiles\Engine\Math\Quaternion.h">
      <Filter>ソース ファイル\Engine\Math</Filter>
    </ClInclude>
    <ClInclude Include="SourceFiles\Application\GameScenes\ClearScene.h">
      <Filter>ソース ファイル\Application\Scene\GameScenes</Filter>
    </ClInclude>
    <ClInclude Include="SourceFiles\Engine\Audio\AudioManager.h">
      <Filter>ソース ファイル\Engine\Audio</Filter>
    </ClInclude>
    <ClInclude Include="SourceFiles\Engine\2d\Sprite.h">
      <Filter>ソース ファイル\Engine\2d</Filter>
    </ClInclude>
    <ClInclude Include="SourceFiles\Engine\2d\SpriteCommon.h">
      <Filter>ソース ファイル\Engine\2d</Filter>
    </ClInclude>
    <ClInclude Include="SourceFiles\Engine\DirectX\DirectXCommon.h">
      <Filter>ソース ファイル\Engine\DirectX</Filter>
    </ClInclude>
    <ClInclude Include="SourceFiles\Engine\DirectX\D3D12Common.h">
      <Filter>ソース ファイル\Engine\DirectX</Filter>
    </ClInclude>
    <ClInclude Include="SourceFiles\Application\MyGame\MyGame.h">
      <Filter>ソース ファイル\Application\MyGame</Filter>
    </ClInclude>
    <ClInclude Include="SourceFiles\Engine\Framework\Framework.h">
      <Filter>ソース ファイル\Engine\Framework</Filter>
    </ClInclude>
    <ClInclude Include="SourceFiles\Engine\WinApp\WindowsAPI.h">
      <Filter>ソース ファイル\Engine\WinApp</Filter>
    </ClInclude>
    <ClInclude Include="SourceFiles\Application\Motion\Motion.h">
      <Filter>ソース ファイル\Application\Motion</Filter>
    </ClInclude>
    <ClInclude Include="SourceFiles\Engine\Scene\BaseScene.h">
      <Filter>ソース ファイル\Engine\Scene</Filter>
    </ClInclude>
    <ClInclude Include="SourceFiles\Engine\Scene\SceneManager.h">
      <Filter>ソース ファイル\Engine\Scene</Filter>
    </ClInclude>
    <ClInclude Include="SourceFiles\Engine\Scene\FadeManager.h">
      <Filter>ソース ファイル\Engine\Scene</Filter>
    </ClInclude>
    <ClInclude Include="SourceFiles\Application\GameScenes\Scene.h">
      <Filter>ソース ファイル\Application\Scene</Filter>
    </ClInclude>
  </ItemGroup>
  <ItemGroup>
    <Text Include="Resources\stages\stage_select.txt">
      <Filter>ステージ ファイル</Filter>
    </Text>
    <Text Include="Resources\stages\stage_tutorial.txt">
      <Filter>ステージ ファイル</Filter>
    </Text>
    <Text Include="Resources\stages\stage1.txt">
      <Filter>ステージ ファイル</Filter>
    </Text>
    <Text Include="Resources\stages\stage2.txt">
      <Filter>ステージ ファイル</Filter>
    </Text>
    <Text Include="Resources\stages\stage3.txt">
      <Filter>ステージ ファイル</Filter>
    </Text>
    <Text Include="Resources\stages\stage4.txt">
      <Filter>ステージ ファイル</Filter>
    </Text>
  </ItemGroup>
</Project>